// !$*UTF8*$!
{
	archiveVersion = 1;
	classes = {
	};
	objectVersion = 50;
	objects = {

/* Begin PBXBuildFile section */
		30F4203526FB76B4004E5529 /* Ingresso_com_Desafio_iOSApp.swift in Sources */ = {isa = PBXBuildFile; fileRef = 30F4203426FB76B4004E5529 /* Ingresso_com_Desafio_iOSApp.swift */; };
		30F4203726FB76B4004E5529 /* ContentView.swift in Sources */ = {isa = PBXBuildFile; fileRef = 30F4203626FB76B4004E5529 /* ContentView.swift */; };
		30F4203926FB76B5004E5529 /* Assets.xcassets in Resources */ = {isa = PBXBuildFile; fileRef = 30F4203826FB76B5004E5529 /* Assets.xcassets */; };
		30F4203C26FB76B5004E5529 /* Preview Assets.xcassets in Resources */ = {isa = PBXBuildFile; fileRef = 30F4203B26FB76B5004E5529 /* Preview Assets.xcassets */; };
		30F4204726FB76B5004E5529 /* Ingresso_com_Desafio_iOSTests.swift in Sources */ = {isa = PBXBuildFile; fileRef = 30F4204626FB76B5004E5529 /* Ingresso_com_Desafio_iOSTests.swift */; };
		30F4205226FB76B5004E5529 /* Ingresso_com_Desafio_iOSUITests.swift in Sources */ = {isa = PBXBuildFile; fileRef = 30F4205126FB76B5004E5529 /* Ingresso_com_Desafio_iOSUITests.swift */; };
/* End PBXBuildFile section */

/* Begin PBXContainerItemProxy section */
		30F4204326FB76B5004E5529 /* PBXContainerItemProxy */ = {
			isa = PBXContainerItemProxy;
			containerPortal = 30F4202926FB76B4004E5529 /* Project object */;
			proxyType = 1;
			remoteGlobalIDString = 30F4203026FB76B4004E5529;
			remoteInfo = Ingresso.com_Desafio_iOS;
		};
		30F4204E26FB76B5004E5529 /* PBXContainerItemProxy */ = {
			isa = PBXContainerItemProxy;
			containerPortal = 30F4202926FB76B4004E5529 /* Project object */;
			proxyType = 1;
			remoteGlobalIDString = 30F4203026FB76B4004E5529;
			remoteInfo = Ingresso.com_Desafio_iOS;
		};
/* End PBXContainerItemProxy section */

/* Begin PBXFileReference section */
		30F4203126FB76B4004E5529 /* Ingresso.com_Desafio_iOS.app */ = {isa = PBXFileReference; explicitFileType = wrapper.application; includeInIndex = 0; path = Ingresso.com_Desafio_iOS.app; sourceTree = BUILT_PRODUCTS_DIR; };
		30F4203426FB76B4004E5529 /* Ingresso_com_Desafio_iOSApp.swift */ = {isa = PBXFileReference; lastKnownFileType = sourcecode.swift; path = Ingresso_com_Desafio_iOSApp.swift; sourceTree = "<group>"; };
		30F4203626FB76B4004E5529 /* ContentView.swift */ = {isa = PBXFileReference; lastKnownFileType = sourcecode.swift; path = ContentView.swift; sourceTree = "<group>"; };
		30F4203826FB76B5004E5529 /* Assets.xcassets */ = {isa = PBXFileReference; lastKnownFileType = folder.assetcatalog; path = Assets.xcassets; sourceTree = "<group>"; };
		30F4203B26FB76B5004E5529 /* Preview Assets.xcassets */ = {isa = PBXFileReference; lastKnownFileType = folder.assetcatalog; path = "Preview Assets.xcassets"; sourceTree = "<group>"; };
		30F4203D26FB76B5004E5529 /* Info.plist */ = {isa = PBXFileReference; lastKnownFileType = text.plist.xml; path = Info.plist; sourceTree = "<group>"; };
		30F4204226FB76B5004E5529 /* Ingresso.com_Desafio_iOSTests.xctest */ = {isa = PBXFileReference; explicitFileType = wrapper.cfbundle; includeInIndex = 0; path = Ingresso.com_Desafio_iOSTests.xctest; sourceTree = BUILT_PRODUCTS_DIR; };
		30F4204626FB76B5004E5529 /* Ingresso_com_Desafio_iOSTests.swift */ = {isa = PBXFileReference; lastKnownFileType = sourcecode.swift; path = Ingresso_com_Desafio_iOSTests.swift; sourceTree = "<group>"; };
		30F4204826FB76B5004E5529 /* Info.plist */ = {isa = PBXFileReference; lastKnownFileType = text.plist.xml; path = Info.plist; sourceTree = "<group>"; };
		30F4204D26FB76B5004E5529 /* Ingresso.com_Desafio_iOSUITests.xctest */ = {isa = PBXFileReference; explicitFileType = wrapper.cfbundle; includeInIndex = 0; path = Ingresso.com_Desafio_iOSUITests.xctest; sourceTree = BUILT_PRODUCTS_DIR; };
		30F4205126FB76B5004E5529 /* Ingresso_com_Desafio_iOSUITests.swift */ = {isa = PBXFileReference; lastKnownFileType = sourcecode.swift; path = Ingresso_com_Desafio_iOSUITests.swift; sourceTree = "<group>"; };
		30F4205326FB76B5004E5529 /* Info.plist */ = {isa = PBXFileReference; lastKnownFileType = text.plist.xml; path = Info.plist; sourceTree = "<group>"; };
/* End PBXFileReference section */

/* Begin PBXFrameworksBuildPhase section */
		30F4202E26FB76B4004E5529 /* Frameworks */ = {
			isa = PBXFrameworksBuildPhase;
			buildActionMask = 2147483647;
			files = (
			);
			runOnlyForDeploymentPostprocessing = 0;
		};
		30F4203F26FB76B5004E5529 /* Frameworks */ = {
			isa = PBXFrameworksBuildPhase;
			buildActionMask = 2147483647;
			files = (
			);
			runOnlyForDeploymentPostprocessing = 0;
		};
		30F4204A26FB76B5004E5529 /* Frameworks */ = {
			isa = PBXFrameworksBuildPhase;
			buildActionMask = 2147483647;
			files = (
			);
			runOnlyForDeploymentPostprocessing = 0;
		};
/* End PBXFrameworksBuildPhase section */

/* Begin PBXGroup section */
		30F4202826FB76B4004E5529 = {
			isa = PBXGroup;
			children = (
				30F4203326FB76B4004E5529 /* Ingresso.com_Desafio_iOS */,
				30F4204526FB76B5004E5529 /* Ingresso.com_Desafio_iOSTests */,
				30F4205026FB76B5004E5529 /* Ingresso.com_Desafio_iOSUITests */,
				30F4203226FB76B4004E5529 /* Products */,
			);
			sourceTree = "<group>";
		};
		30F4203226FB76B4004E5529 /* Products */ = {
			isa = PBXGroup;
			children = (
				30F4203126FB76B4004E5529 /* Ingresso.com_Desafio_iOS.app */,
				30F4204226FB76B5004E5529 /* Ingresso.com_Desafio_iOSTests.xctest */,
				30F4204D26FB76B5004E5529 /* Ingresso.com_Desafio_iOSUITests.xctest */,
			);
			name = Products;
			sourceTree = "<group>";
		};
		30F4203326FB76B4004E5529 /* Ingresso.com_Desafio_iOS */ = {
			isa = PBXGroup;
			children = (
				30F4203426FB76B4004E5529 /* Ingresso_com_Desafio_iOSApp.swift */,
				30F4203626FB76B4004E5529 /* ContentView.swift */,
				30F4203826FB76B5004E5529 /* Assets.xcassets */,
				30F4203D26FB76B5004E5529 /* Info.plist */,
				30F4203A26FB76B5004E5529 /* Preview Content */,
			);
			path = Ingresso.com_Desafio_iOS;
			sourceTree = "<group>";
		};
		30F4203A26FB76B5004E5529 /* Preview Content */ = {
			isa = PBXGroup;
			children = (
				30F4203B26FB76B5004E5529 /* Preview Assets.xcassets */,
			);
			path = "Preview Content";
			sourceTree = "<group>";
		};
		30F4204526FB76B5004E5529 /* Ingresso.com_Desafio_iOSTests */ = {
			isa = PBXGroup;
			children = (
				30F4204626FB76B5004E5529 /* Ingresso_com_Desafio_iOSTests.swift */,
				30F4204826FB76B5004E5529 /* Info.plist */,
			);
			path = Ingresso.com_Desafio_iOSTests;
			sourceTree = "<group>";
		};
		30F4205026FB76B5004E5529 /* Ingresso.com_Desafio_iOSUITests */ = {
			isa = PBXGroup;
			children = (
				30F4205126FB76B5004E5529 /* Ingresso_com_Desafio_iOSUITests.swift */,
				30F4205326FB76B5004E5529 /* Info.plist */,
			);
			path = Ingresso.com_Desafio_iOSUITests;
			sourceTree = "<group>";
		};
/* End PBXGroup section */

/* Begin PBXNativeTarget section */
		30F4203026FB76B4004E5529 /* Ingresso.com_Desafio_iOS */ = {
			isa = PBXNativeTarget;
			buildConfigurationList = 30F4205626FB76B5004E5529 /* Build configuration list for PBXNativeTarget "Ingresso.com_Desafio_iOS" */;
			buildPhases = (
				30F4202D26FB76B4004E5529 /* Sources */,
				30F4202E26FB76B4004E5529 /* Frameworks */,
				30F4202F26FB76B4004E5529 /* Resources */,
			);
			buildRules = (
			);
			dependencies = (
			);
			name = Ingresso.com_Desafio_iOS;
			productName = Ingresso.com_Desafio_iOS;
			productReference = 30F4203126FB76B4004E5529 /* Ingresso.com_Desafio_iOS.app */;
			productType = "com.apple.product-type.application";
		};
		30F4204126FB76B5004E5529 /* Ingresso.com_Desafio_iOSTests */ = {
			isa = PBXNativeTarget;
			buildConfigurationList = 30F4205926FB76B5004E5529 /* Build configuration list for PBXNativeTarget "Ingresso.com_Desafio_iOSTests" */;
			buildPhases = (
				30F4203E26FB76B5004E5529 /* Sources */,
				30F4203F26FB76B5004E5529 /* Frameworks */,
				30F4204026FB76B5004E5529 /* Resources */,
			);
			buildRules = (
			);
			dependencies = (
				30F4204426FB76B5004E5529 /* PBXTargetDependency */,
			);
			name = Ingresso.com_Desafio_iOSTests;
			productName = Ingresso.com_Desafio_iOSTests;
			productReference = 30F4204226FB76B5004E5529 /* Ingresso.com_Desafio_iOSTests.xctest */;
			productType = "com.apple.product-type.bundle.unit-test";
		};
		30F4204C26FB76B5004E5529 /* Ingresso.com_Desafio_iOSUITests */ = {
			isa = PBXNativeTarget;
			buildConfigurationList = 30F4205C26FB76B5004E5529 /* Build configuration list for PBXNativeTarget "Ingresso.com_Desafio_iOSUITests" */;
			buildPhases = (
				30F4204926FB76B5004E5529 /* Sources */,
				30F4204A26FB76B5004E5529 /* Frameworks */,
				30F4204B26FB76B5004E5529 /* Resources */,
			);
			buildRules = (
			);
			dependencies = (
				30F4204F26FB76B5004E5529 /* PBXTargetDependency */,
			);
			name = Ingresso.com_Desafio_iOSUITests;
			productName = Ingresso.com_Desafio_iOSUITests;
			productReference = 30F4204D26FB76B5004E5529 /* Ingresso.com_Desafio_iOSUITests.xctest */;
			productType = "com.apple.product-type.bundle.ui-testing";
		};
/* End PBXNativeTarget section */

/* Begin PBXProject section */
		30F4202926FB76B4004E5529 /* Project object */ = {
			isa = PBXProject;
			attributes = {
				LastSwiftUpdateCheck = 1250;
				LastUpgradeCheck = 1250;
				TargetAttributes = {
					30F4203026FB76B4004E5529 = {
						CreatedOnToolsVersion = 12.5.1;
					};
					30F4204126FB76B5004E5529 = {
						CreatedOnToolsVersion = 12.5.1;
						TestTargetID = 30F4203026FB76B4004E5529;
					};
					30F4204C26FB76B5004E5529 = {
						CreatedOnToolsVersion = 12.5.1;
						TestTargetID = 30F4203026FB76B4004E5529;
					};
				};
			};
			buildConfigurationList = 30F4202C26FB76B4004E5529 /* Build configuration list for PBXProject "Ingresso.com_Desafio_iOS" */;
			compatibilityVersion = "Xcode 9.3";
			developmentRegion = en;
			hasScannedForEncodings = 0;
			knownRegions = (
				en,
				Base,
			);
			mainGroup = 30F4202826FB76B4004E5529;
			productRefGroup = 30F4203226FB76B4004E5529 /* Products */;
			projectDirPath = "";
			projectRoot = "";
			targets = (
				30F4203026FB76B4004E5529 /* Ingresso.com_Desafio_iOS */,
				30F4204126FB76B5004E5529 /* Ingresso.com_Desafio_iOSTests */,
				30F4204C26FB76B5004E5529 /* Ingresso.com_Desafio_iOSUITests */,
			);
		};
/* End PBXProject section */

/* Begin PBXResourcesBuildPhase section */
		30F4202F26FB76B4004E5529 /* Resources */ = {
			isa = PBXResourcesBuildPhase;
			buildActionMask = 2147483647;
			files = (
				30F4203C26FB76B5004E5529 /* Preview Assets.xcassets in Resources */,
				30F4203926FB76B5004E5529 /* Assets.xcassets in Resources */,
			);
			runOnlyForDeploymentPostprocessing = 0;
		};
		30F4204026FB76B5004E5529 /* Resources */ = {
			isa = PBXResourcesBuildPhase;
			buildActionMask = 2147483647;
			files = (
			);
			runOnlyForDeploymentPostprocessing = 0;
		};
		30F4204B26FB76B5004E5529 /* Resources */ = {
			isa = PBXResourcesBuildPhase;
			buildActionMask = 2147483647;
			files = (
			);
			runOnlyForDeploymentPostprocessing = 0;
		};
/* End PBXResourcesBuildPhase section */

/* Begin PBXSourcesBuildPhase section */
		30F4202D26FB76B4004E5529 /* Sources */ = {
			isa = PBXSourcesBuildPhase;
			buildActionMask = 2147483647;
			files = (
				30F4203726FB76B4004E5529 /* ContentView.swift in Sources */,
				30F4203526FB76B4004E5529 /* Ingresso_com_Desafio_iOSApp.swift in Sources */,
			);
			runOnlyForDeploymentPostprocessing = 0;
		};
		30F4203E26FB76B5004E5529 /* Sources */ = {
			isa = PBXSourcesBuildPhase;
			buildActionMask = 2147483647;
			files = (
				30F4204726FB76B5004E5529 /* Ingresso_com_Desafio_iOSTests.swift in Sources */,
			);
			runOnlyForDeploymentPostprocessing = 0;
		};
		30F4204926FB76B5004E5529 /* Sources */ = {
			isa = PBXSourcesBuildPhase;
			buildActionMask = 2147483647;
			files = (
				30F4205226FB76B5004E5529 /* Ingresso_com_Desafio_iOSUITests.swift in Sources */,
			);
			runOnlyForDeploymentPostprocessing = 0;
		};
/* End PBXSourcesBuildPhase section */

/* Begin PBXTargetDependency section */
		30F4204426FB76B5004E5529 /* PBXTargetDependency */ = {
			isa = PBXTargetDependency;
			target = 30F4203026FB76B4004E5529 /* Ingresso.com_Desafio_iOS */;
			targetProxy = 30F4204326FB76B5004E5529 /* PBXContainerItemProxy */;
		};
		30F4204F26FB76B5004E5529 /* PBXTargetDependency */ = {
			isa = PBXTargetDependency;
			target = 30F4203026FB76B4004E5529 /* Ingresso.com_Desafio_iOS */;
			targetProxy = 30F4204E26FB76B5004E5529 /* PBXContainerItemProxy */;
		};
/* End PBXTargetDependency section */

/* Begin XCBuildConfiguration section */
		30F4205426FB76B5004E5529 /* Debug */ = {
			isa = XCBuildConfiguration;
			buildSettings = {
				ALWAYS_SEARCH_USER_PATHS = NO;
				CLANG_ANALYZER_NONNULL = YES;
				CLANG_ANALYZER_NUMBER_OBJECT_CONVERSION = YES_AGGRESSIVE;
				CLANG_CXX_LANGUAGE_STANDARD = "gnu++14";
				CLANG_CXX_LIBRARY = "libc++";
				CLANG_ENABLE_MODULES = YES;
				CLANG_ENABLE_OBJC_ARC = YES;
				CLANG_ENABLE_OBJC_WEAK = YES;
				CLANG_WARN_BLOCK_CAPTURE_AUTORELEASING = YES;
				CLANG_WARN_BOOL_CONVERSION = YES;
				CLANG_WARN_COMMA = YES;
				CLANG_WARN_CONSTANT_CONVERSION = YES;
				CLANG_WARN_DEPRECATED_OBJC_IMPLEMENTATIONS = YES;
				CLANG_WARN_DIRECT_OBJC_ISA_USAGE = YES_ERROR;
				CLANG_WARN_DOCUMENTATION_COMMENTS = YES;
				CLANG_WARN_EMPTY_BODY = YES;
				CLANG_WARN_ENUM_CONVERSION = YES;
				CLANG_WARN_INFINITE_RECURSION = YES;
				CLANG_WARN_INT_CONVERSION = YES;
				CLANG_WARN_NON_LITERAL_NULL_CONVERSION = YES;
				CLANG_WARN_OBJC_IMPLICIT_RETAIN_SELF = YES;
				CLANG_WARN_OBJC_LITERAL_CONVERSION = YES;
				CLANG_WARN_OBJC_ROOT_CLASS = YES_ERROR;
				CLANG_WARN_QUOTED_INCLUDE_IN_FRAMEWORK_HEADER = YES;
				CLANG_WARN_RANGE_LOOP_ANALYSIS = YES;
				CLANG_WARN_STRICT_PROTOTYPES = YES;
				CLANG_WARN_SUSPICIOUS_MOVE = YES;
				CLANG_WARN_UNGUARDED_AVAILABILITY = YES_AGGRESSIVE;
				CLANG_WARN_UNREACHABLE_CODE = YES;
				CLANG_WARN__DUPLICATE_METHOD_MATCH = YES;
				COPY_PHASE_STRIP = NO;
				DEBUG_INFORMATION_FORMAT = dwarf;
				ENABLE_STRICT_OBJC_MSGSEND = YES;
				ENABLE_TESTABILITY = YES;
				GCC_C_LANGUAGE_STANDARD = gnu11;
				GCC_DYNAMIC_NO_PIC = NO;
				GCC_NO_COMMON_BLOCKS = YES;
				GCC_OPTIMIZATION_LEVEL = 0;
				GCC_PREPROCESSOR_DEFINITIONS = (
					"DEBUG=1",
					"$(inherited)",
				);
				GCC_WARN_64_TO_32_BIT_CONVERSION = YES;
				GCC_WARN_ABOUT_RETURN_TYPE = YES_ERROR;
				GCC_WARN_UNDECLARED_SELECTOR = YES;
				GCC_WARN_UNINITIALIZED_AUTOS = YES_AGGRESSIVE;
				GCC_WARN_UNUSED_FUNCTION = YES;
				GCC_WARN_UNUSED_VARIABLE = YES;
				IPHONEOS_DEPLOYMENT_TARGET = 14.5;
				MTL_ENABLE_DEBUG_INFO = INCLUDE_SOURCE;
				MTL_FAST_MATH = YES;
				ONLY_ACTIVE_ARCH = YES;
				SDKROOT = iphoneos;
				SWIFT_ACTIVE_COMPILATION_CONDITIONS = DEBUG;
				SWIFT_OPTIMIZATION_LEVEL = "-Onone";
			};
			name = Debug;
		};
		30F4205526FB76B5004E5529 /* Release */ = {
			isa = XCBuildConfiguration;
			buildSettings = {
				ALWAYS_SEARCH_USER_PATHS = NO;
				CLANG_ANALYZER_NONNULL = YES;
				CLANG_ANALYZER_NUMBER_OBJECT_CONVERSION = YES_AGGRESSIVE;
				CLANG_CXX_LANGUAGE_STANDARD = "gnu++14";
				CLANG_CXX_LIBRARY = "libc++";
				CLANG_ENABLE_MODULES = YES;
				CLANG_ENABLE_OBJC_ARC = YES;
				CLANG_ENABLE_OBJC_WEAK = YES;
				CLANG_WARN_BLOCK_CAPTURE_AUTORELEASING = YES;
				CLANG_WARN_BOOL_CONVERSION = YES;
				CLANG_WARN_COMMA = YES;
				CLANG_WARN_CONSTANT_CONVERSION = YES;
				CLANG_WARN_DEPRECATED_OBJC_IMPLEMENTATIONS = YES;
				CLANG_WARN_DIRECT_OBJC_ISA_USAGE = YES_ERROR;
				CLANG_WARN_DOCUMENTATION_COMMENTS = YES;
				CLANG_WARN_EMPTY_BODY = YES;
				CLANG_WARN_ENUM_CONVERSION = YES;
				CLANG_WARN_INFINITE_RECURSION = YES;
				CLANG_WARN_INT_CONVERSION = YES;
				CLANG_WARN_NON_LITERAL_NULL_CONVERSION = YES;
				CLANG_WARN_OBJC_IMPLICIT_RETAIN_SELF = YES;
				CLANG_WARN_OBJC_LITERAL_CONVERSION = YES;
				CLANG_WARN_OBJC_ROOT_CLASS = YES_ERROR;
				CLANG_WARN_QUOTED_INCLUDE_IN_FRAMEWORK_HEADER = YES;
				CLANG_WARN_RANGE_LOOP_ANALYSIS = YES;
				CLANG_WARN_STRICT_PROTOTYPES = YES;
				CLANG_WARN_SUSPICIOUS_MOVE = YES;
				CLANG_WARN_UNGUARDED_AVAILABILITY = YES_AGGRESSIVE;
				CLANG_WARN_UNREACHABLE_CODE = YES;
				CLANG_WARN__DUPLICATE_METHOD_MATCH = YES;
				COPY_PHASE_STRIP = NO;
				DEBUG_INFORMATION_FORMAT = "dwarf-with-dsym";
				ENABLE_NS_ASSERTIONS = NO;
				ENABLE_STRICT_OBJC_MSGSEND = YES;
				GCC_C_LANGUAGE_STANDARD = gnu11;
				GCC_NO_COMMON_BLOCKS = YES;
				GCC_WARN_64_TO_32_BIT_CONVERSION = YES;
				GCC_WARN_ABOUT_RETURN_TYPE = YES_ERROR;
				GCC_WARN_UNDECLARED_SELECTOR = YES;
				GCC_WARN_UNINITIALIZED_AUTOS = YES_AGGRESSIVE;
				GCC_WARN_UNUSED_FUNCTION = YES;
				GCC_WARN_UNUSED_VARIABLE = YES;
				IPHONEOS_DEPLOYMENT_TARGET = 14.5;
				MTL_ENABLE_DEBUG_INFO = NO;
				MTL_FAST_MATH = YES;
				SDKROOT = iphoneos;
				SWIFT_COMPILATION_MODE = wholemodule;
				SWIFT_OPTIMIZATION_LEVEL = "-O";
				VALIDATE_PRODUCT = YES;
			};
			name = Release;
		};
		30F4205726FB76B5004E5529 /* Debug */ = {
			isa = XCBuildConfiguration;
			buildSettings = {
				ASSETCATALOG_COMPILER_APPICON_NAME = AppIcon;
				ASSETCATALOG_COMPILER_GLOBAL_ACCENT_COLOR_NAME = AccentColor;
				CODE_SIGN_STYLE = Automatic;
				DEVELOPMENT_ASSET_PATHS = "\"Ingresso.com_Desafio_iOS/Preview Content\"";
				DEVELOPMENT_TEAM = 34KZBHS44B;
				ENABLE_PREVIEWS = YES;
				INFOPLIST_FILE = Ingresso.com_Desafio_iOS/Info.plist;
				IPHONEOS_DEPLOYMENT_TARGET = 14.0;
				LD_RUNPATH_SEARCH_PATHS = (
					"$(inherited)",
					"@executable_path/Frameworks",
				);
				PRODUCT_BUNDLE_IDENTIFIER = "Apple-Developer-Academy-PUC-RIO.Ingresso-com-Desafio-iOS";
				PRODUCT_NAME = "$(TARGET_NAME)";
				SWIFT_VERSION = 5.0;
				TARGETED_DEVICE_FAMILY = "1,2";
			};
			name = Debug;
		};
		30F4205826FB76B5004E5529 /* Release */ = {
			isa = XCBuildConfiguration;
			buildSettings = {
				ASSETCATALOG_COMPILER_APPICON_NAME = AppIcon;
				ASSETCATALOG_COMPILER_GLOBAL_ACCENT_COLOR_NAME = AccentColor;
				CODE_SIGN_STYLE = Automatic;
				DEVELOPMENT_ASSET_PATHS = "\"Ingresso.com_Desafio_iOS/Preview Content\"";
				DEVELOPMENT_TEAM = 34KZBHS44B;
				ENABLE_PREVIEWS = YES;
				INFOPLIST_FILE = Ingresso.com_Desafio_iOS/Info.plist;
				IPHONEOS_DEPLOYMENT_TARGET = 14.0;
				LD_RUNPATH_SEARCH_PATHS = (
					"$(inherited)",
					"@executable_path/Frameworks",
				);
				PRODUCT_BUNDLE_IDENTIFIER = "Apple-Developer-Academy-PUC-RIO.Ingresso-com-Desafio-iOS";
				PRODUCT_NAME = "$(TARGET_NAME)";
				SWIFT_VERSION = 5.0;
				TARGETED_DEVICE_FAMILY = "1,2";
			};
			name = Release;
		};
		30F4205A26FB76B5004E5529 /* Debug */ = {
			isa = XCBuildConfiguration;
			buildSettings = {
				ALWAYS_EMBED_SWIFT_STANDARD_LIBRARIES = YES;
				BUNDLE_LOADER = "$(TEST_HOST)";
				CODE_SIGN_STYLE = Automatic;
				DEVELOPMENT_TEAM = 34KZBHS44B;
				INFOPLIST_FILE = Ingresso.com_Desafio_iOSTests/Info.plist;
				IPHONEOS_DEPLOYMENT_TARGET = 14.0;
				LD_RUNPATH_SEARCH_PATHS = (
					"$(inherited)",
					"@executable_path/Frameworks",
					"@loader_path/Frameworks",
				);
				PRODUCT_BUNDLE_IDENTIFIER = "Apple-Developer-Academy-PUC-RIO.Ingresso-com-Desafio-iOSTests";
				PRODUCT_NAME = "$(TARGET_NAME)";
				SWIFT_VERSION = 5.0;
				TARGETED_DEVICE_FAMILY = "1,2";
				TEST_HOST = "$(BUILT_PRODUCTS_DIR)/Ingresso.com_Desafio_iOS.app/Ingresso.com_Desafio_iOS";
			};
			name = Debug;
		};
		30F4205B26FB76B5004E5529 /* Release */ = {
			isa = XCBuildConfiguration;
			buildSettings = {
				ALWAYS_EMBED_SWIFT_STANDARD_LIBRARIES = YES;
				BUNDLE_LOADER = "$(TEST_HOST)";
				CODE_SIGN_STYLE = Automatic;
				DEVELOPMENT_TEAM = 34KZBHS44B;
				INFOPLIST_FILE = Ingresso.com_Desafio_iOSTests/Info.plist;
				IPHONEOS_DEPLOYMENT_TARGET = 14.0;
				LD_RUNPATH_SEARCH_PATHS = (
					"$(inherited)",
					"@executable_path/Frameworks",
					"@loader_path/Frameworks",
				);
				PRODUCT_BUNDLE_IDENTIFIER = "Apple-Developer-Academy-PUC-RIO.Ingresso-com-Desafio-iOSTests";
				PRODUCT_NAME = "$(TARGET_NAME)";
				SWIFT_VERSION = 5.0;
				TARGETED_DEVICE_FAMILY = "1,2";
				TEST_HOST = "$(BUILT_PRODUCTS_DIR)/Ingresso.com_Desafio_iOS.app/Ingresso.com_Desafio_iOS";
			};
			name = Release;
		};
		30F4205D26FB76B5004E5529 /* Debug */ = {
			isa = XCBuildConfiguration;
			buildSettings = {
				ALWAYS_EMBED_SWIFT_STANDARD_LIBRARIES = YES;
				CODE_SIGN_STYLE = Automatic;
				DEVELOPMENT_TEAM = 34KZBHS44B;
				INFOPLIST_FILE = Ingresso.com_Desafio_iOSUITests/Info.plist;
				LD_RUNPATH_SEARCH_PATHS = (
					"$(inherited)",
					"@executable_path/Frameworks",
					"@loader_path/Frameworks",
				);
				PRODUCT_BUNDLE_IDENTIFIER = "Apple-Developer-Academy-PUC-RIO.Ingresso-com-Desafio-iOSUITests";
				PRODUCT_NAME = "$(TARGET_NAME)";
				SWIFT_VERSION = 5.0;
				TARGETED_DEVICE_FAMILY = "1,2";
				TEST_TARGET_NAME = Ingresso.com_Desafio_iOS;
			};
			name = Debug;
		};
		30F4205E26FB76B5004E5529 /* Release */ = {
			isa = XCBuildConfiguration;
			buildSettings = {
				ALWAYS_EMBED_SWIFT_STANDARD_LIBRARIES = YES;
				CODE_SIGN_STYLE = Automatic;
				DEVELOPMENT_TEAM = 34KZBHS44B;
				INFOPLIST_FILE = Ingresso.com_Desafio_iOSUITests/Info.plist;
				LD_RUNPATH_SEARCH_PATHS = (
					"$(inherited)",
					"@executable_path/Frameworks",
					"@loader_path/Frameworks",
				);
				PRODUCT_BUNDLE_IDENTIFIER = "Apple-Developer-Academy-PUC-RIO.Ingresso-com-Desafio-iOSUITests";
				PRODUCT_NAME = "$(TARGET_NAME)";
				SWIFT_VERSION = 5.0;
				TARGETED_DEVICE_FAMILY = "1,2";
				TEST_TARGET_NAME = Ingresso.com_Desafio_iOS;
			};
			name = Release;
		};
/* End XCBuildConfiguration section */

/* Begin XCConfigurationList section */
		30F4202C26FB76B4004E5529 /* Build configuration list for PBXProject "Ingresso.com_Desafio_iOS" */ = {
			isa = XCConfigurationList;
			buildConfigurations = (
				30F4205426FB76B5004E5529 /* Debug */,
				30F4205526FB76B5004E5529 /* Release */,
			);
			defaultConfigurationIsVisible = 0;
			defaultConfigurationName = Release;
		};
		30F4205626FB76B5004E5529 /* Build configuration list for PBXNativeTarget "Ingresso.com_Desafio_iOS" */ = {
			isa = XCConfigurationList;
			buildConfigurations = (
				30F4205726FB76B5004E5529 /* Debug */,
				30F4205826FB76B5004E5529 /* Release */,
			);
			defaultConfigurationIsVisible = 0;
			defaultConfigurationName = Release;
		};
		30F4205926FB76B5004E5529 /* Build configuration list for PBXNativeTarget "Ingresso.com_Desafio_iOSTests" */ = {
			isa = XCConfigurationList;
			buildConfigurations = (
				30F4205A26FB76B5004E5529 /* Debug */,
				30F4205B26FB76B5004E5529 /* Release */,
			);
			defaultConfigurationIsVisible = 0;
			defaultConfigurationName = Release;
		};
		30F4205C26FB76B5004E5529 /* Build configuration list for PBXNativeTarget "Ingresso.com_Desafio_iOSUITests" */ = {
			isa = XCConfigurationList;
			buildConfigurations = (
				30F4205D26FB76B5004E5529 /* Debug */,
				30F4205E26FB76B5004E5529 /* Release */,
			);
			defaultConfigurationIsVisible = 0;
			defaultConfigurationName = Release;
		};
/* End XCConfigurationList section */
	};
	rootObject = 30F4202926FB76B4004E5529 /* Project object */;
}
